
Microsoft Visual Studio Solution File, Format Version 12.00
# Visual Studio Version 16
VisualStudioVersion = 16.0.29209.62
MinimumVisualStudioVersion = 10.0.40219.1
Project("{FAE04EC0-301F-11D3-BF4B-00C04F79EFBC}") = "blogging.api", "blogging.api\blogging.api.csproj", "{D84B527B-94CF-4CDA-BFEE-4F11801EAD76}"
EndProject
Project("{FAE04EC0-301F-11D3-BF4B-00C04F79EFBC}") = "blogging.data", "blogging.data\blogging.data.csproj", "{48F0BB79-25D9-4ADD-A13B-7AA22F7DB8F4}"
EndProject
Project("{FAE04EC0-301F-11D3-BF4B-00C04F79EFBC}") = "blogging.model", "blogging.model\blogging.model.csproj", "{9AD796B9-3DC6-4950-A1E0-20D290BD668D}"
EndProject
Project("{FAE04EC0-301F-11D3-BF4B-00C04F79EFBC}") = "blogging.service", "blogging.service\blogging.service.csproj", "{C123C1FF-9452-42D0-9F77-0158EF5AE3E1}"
EndProject
Project("{FAE04EC0-301F-11D3-BF4B-00C04F79EFBC}") = "blogging.test", "blogging.test\blogging.test.csproj", "{8D8BDFF9-7EA1-4A96-B416-DDBEBB6E32C3}"
EndProject
Global
	GlobalSection(SolutionConfigurationPlatforms) = preSolution
		Debug|Any CPU = Debug|Any CPU
		Release|Any CPU = Release|Any CPU
	EndGlobalSection
	GlobalSection(ProjectConfigurationPlatforms) = postSolution
		{D84B527B-94CF-4CDA-BFEE-4F11801EAD76}.Debug|Any CPU.ActiveCfg = Debug|Any CPU
		{D84B527B-94CF-4CDA-BFEE-4F11801EAD76}.Debug|Any CPU.Build.0 = Debug|Any CPU
		{D84B527B-94CF-4CDA-BFEE-4F11801EAD76}.Release|Any CPU.ActiveCfg = Release|Any CPU
		{D84B527B-94CF-4CDA-BFEE-4F11801EAD76}.Release|Any CPU.Build.0 = Release|Any CPU
		{48F0BB79-25D9-4ADD-A13B-7AA22F7DB8F4}.Debug|Any CPU.ActiveCfg = Debug|Any CPU
		{48F0BB79-25D9-4ADD-A13B-7AA22F7DB8F4}.Debug|Any CPU.Build.0 = Debug|Any CPU
		{48F0BB79-25D9-4ADD-A13B-7AA22F7DB8F4}.Release|Any CPU.ActiveCfg = Release|Any CPU
		{48F0BB79-25D9-4ADD-A13B-7AA22F7DB8F4}.Release|Any CPU.Build.0 = Release|Any CPU
		{9AD796B9-3DC6-4950-A1E0-20D290BD668D}.Debug|Any CPU.ActiveCfg = Debug|Any CPU
		{9AD796B9-3DC6-4950-A1E0-20D290BD668D}.Debug|Any CPU.Build.0 = Debug|Any CPU
		{9AD796B9-3DC6-4950-A1E0-20D290BD668D}.Release|Any CPU.ActiveCfg = Release|Any CPU
		{9AD796B9-3DC6-4950-A1E0-20D290BD668D}.Release|Any CPU.Build.0 = Release|Any CPU
		{C123C1FF-9452-42D0-9F77-0158EF5AE3E1}.Debug|Any CPU.ActiveCfg = Debug|Any CPU
		{C123C1FF-9452-42D0-9F77-0158EF5AE3E1}.Debug|Any CPU.Build.0 = Debug|Any CPU
		{C123C1FF-9452-42D0-9F77-0158EF5AE3E1}.Release|Any CPU.ActiveCfg = Release|Any CPU
		{C123C1FF-9452-42D0-9F77-0158EF5AE3E1}.Release|Any CPU.Build.0 = Release|Any CPU
		{8D8BDFF9-7EA1-4A96-B416-DDBEBB6E32C3}.Debug|Any CPU.ActiveCfg = Debug|Any CPU
		{8D8BDFF9-7EA1-4A96-B416-DDBEBB6E32C3}.Debug|Any CPU.Build.0 = Debug|Any CPU
		{8D8BDFF9-7EA1-4A96-B416-DDBEBB6E32C3}.Release|Any CPU.ActiveCfg = Release|Any CPU
		{8D8BDFF9-7EA1-4A96-B416-DDBEBB6E32C3}.Release|Any CPU.Build.0 = Release|Any CPU
	EndGlobalSection
	GlobalSection(SolutionProperties) = preSolution
		HideSolutionNode = FALSE
	EndGlobalSection
	GlobalSection(ExtensibilityGlobals) = postSolution
		SolutionGuid = {74896227-30A3-4BD7-963C-CCC03B5BB86E}
	EndGlobalSection
EndGlobal
